<?xml version="1.0" encoding="utf-8"?>
<Project ToolsVersion="4.0" xmlns="http://schemas.microsoft.com/developer/msbuild/2003">
  <ItemGroup>
    <Filter Include="Source Files">
      <UniqueIdentifier>{4FC737F1-C7A5-4376-A066-2A32D752A2FF}</UniqueIdentifier>
      <Extensions>cpp;c;cc;cxx;c++;cppm;ixx;def;odl;idl;hpj;bat;asm;asmx</Extensions>
    </Filter>
    <Filter Include="Header Files">
      <UniqueIdentifier>{93995380-89BD-4b04-88EB-625FBE52EBFB}</UniqueIdentifier>
      <Extensions>h;hh;hpp;hxx;h++;hm;inl;inc;ipp;xsd</Extensions>
    </Filter>
    <Filter Include="Resource Files">
      <UniqueIdentifier>{67DA6AB6-F800-4c08-8B7A-83BB121AAD01}</UniqueIdentifier>
      <Extensions>rc;ico;cur;bmp;dlg;rc2;rct;bin;rgs;gif;jpg;jpeg;jpe;resx;tiff;tif;png;wav;mfcribbon-ms</Extensions>
    </Filter>
  </ItemGroup>
  <ItemGroup>
    <ClCompile Include="src\main.cpp">
      <Filter>Source Files</Filter>
    </ClCompile>
    <ClCompile Include="src\Game1\Game.cpp">
      <Filter>Source Files</Filter>
    </ClCompile>
    <ClCompile Include="src\Game2\Game2.cpp">
      <Filter>Source Files</Filter>
    </ClCompile>
    <ClCompile Include="src\Game2\Player.cpp">
      <Filter>Source Files</Filter>
    </ClCompile>
    <ClCompile Include="src\Game2\swagball.cpp">
      <Filter>Source Files</Filter>
    </ClCompile>
    <ClCompile Include="src\GamePlat\Game4.cpp">
      <Filter>Source Files</Filter>
    </ClCompile>
    <ClCompile Include="src\stdafx.cpp">
      <Filter>Source Files</Filter>
    </ClCompile>
    <ClCompile Include="src\Game3\Bullet.cpp">
      <Filter>Source Files</Filter>
    </ClCompile>
    <ClCompile Include="src\Game3\Enemy.cpp">
      <Filter>Source Files</Filter>
    </ClCompile>
    <ClCompile Include="src\Game3\Game3.cpp">
      <Filter>Source Files</Filter>
    </ClCompile>
    <ClCompile Include="src\Game3\PlayerGame3.cpp">
      <Filter>Source Files</Filter>
    </ClCompile>
    <ClCompile Include="src\GamePlat\PlayerGame4.cpp">
      <Filter>Source Files</Filter>
    </ClCompile>
    <ClCompile Include="src\GamePlat\Tile.cpp">
      <Filter>Source Files</Filter>
    </ClCompile>
    <ClCompile Include="src\GamePlat\TileMap.cpp">
      <Filter>Source Files</Filter>
    </ClCompile>
  </ItemGroup>
  <ItemGroup>
    <ClInclude Include="src\Game1\Game.h">
      <Filter>Header Files</Filter>
    </ClInclude>
    <ClInclude Include="src\Game2\Game2.h">
      <Filter>Header Files</Filter>
    </ClInclude>
    <ClInclude Include="src\Game2\Player.h">
      <Filter>Header Files</Filter>
    </ClInclude>
    <ClInclude Include="src\Game2\swagball.h">
      <Filter>Header Files</Filter>
    </ClInclude>
    <ClInclude Include="src\GamePlat\Game4.h">
      <Filter>Header Files</Filter>
    </ClInclude>
    <ClInclude Include="src\stdafx.h">
      <Filter>Header Files</Filter>
    </ClInclude>
    <ClInclude Include="src\Game3\Bullet.h">
      <Filter>Header Files</Filter>
    </ClInclude>
    <ClInclude Include="src\Game3\Enemy.h">
      <Filter>Header Files</Filter>
    </ClInclude>
    <ClInclude Include="src\Game3\Game3.h">
      <Filter>Header Files</Filter>
    </ClInclude>
    <ClInclude Include="src\Game3\PlayerGame3.h">
      <Filter>Header Files</Filter>
    </ClInclude>
    <ClInclude Include="src\GamePlat\PlayerGame4.h">
      <Filter>Header Files</Filter>
    </ClInclude>
    <ClInclude Include="src\GamePlat\Tile.h">
      <Filter>Header Files</Filter>
    </ClInclude>
    <ClInclude Include="src\GamePlat\TileMap.h">
      <Filter>Header Files</Filter>
    </ClInclude>
  </ItemGroup>
  <ItemGroup>
    <Font Include="fonts\joystix.ttf" />
  </ItemGroup>
  <ItemGroup>
    <None Include="bin\openal32.dll" />
    <None Include="bin\sfml-audio-2.dll" />
    <None Include="bin\sfml-audio-d-2.dll" />
    <None Include="bin\sfml-graphics-2.dll" />
    <None Include="bin\sfml-graphics-d-2.dll" />
    <None Include="bin\sfml-network-2.dll" />
    <None Include="bin\sfml-network-d-2.dll" />
    <None Include="bin\sfml-system-2.dll" />
    <None Include="bin\sfml-system-d-2.dll" />
    <None Include="bin\sfml-window-2.dll" />
    <None Include="bin\sfml-window-d-2.dll" />
  </ItemGroup>
  <ItemGroup>
    <Image Include="textures\background1.jpg">
      <Filter>Resource Files</Filter>
    </Image>
    <Image Include="textures\bullet.png">
      <Filter>Resource Files</Filter>
    </Image>
    <Image Include="textures\ship.png">
      <Filter>Resource Files</Filter>
    </Image>
    <Image Include="textures\player_sheet.png">
      <Filter>Resource Files</Filter>
    </Image>
  </ItemGroup>
</Project>